
Microsoft Visual Studio Solution File, Format Version 12.00
# Visual Studio Version 17
VisualStudioVersion = 17.5.33530.505
MinimumVisualStudioVersion = 10.0.40219.1
Project("{FAE04EC0-301F-11D3-BF4B-00C04F79EFBC}") = "Lab1-Horbulia", "Lab1-Horbulia.csproj", "{45E6BBFF-72D9-4B1A-8FD5-6DD545BC5079}"
EndProject
Global
	GlobalSection(SolutionConfigurationPlatforms) = preSolution
		Debug|Any CPU = Debug|Any CPU
		Release|Any CPU = Release|Any CPU
	EndGlobalSection
	GlobalSection(ProjectConfigurationPlatforms) = postSolution
		{45E6BBFF-72D9-4B1A-8FD5-6DD545BC5079}.Debug|Any CPU.ActiveCfg = Debug|Any CPU
		{45E6BBFF-72D9-4B1A-8FD5-6DD545BC5079}.Debug|Any CPU.Build.0 = Debug|Any CPU
		{45E6BBFF-72D9-4B1A-8FD5-6DD545BC5079}.Release|Any CPU.ActiveCfg = Release|Any CPU
		{45E6BBFF-72D9-4B1A-8FD5-6DD545BC5079}.Release|Any CPU.Build.0 = Release|Any CPU
	EndGlobalSection
	GlobalSection(SolutionProperties) = preSolution
		HideSolutionNode = FALSE
	EndGlobalSection
	GlobalSection(ExtensibilityGlobals) = postSolution
		SolutionGuid = {067639A6-8F94-4FCD-A13D-A1BE23E8ABCD}
	EndGlobalSection
EndGlobal
